
Microsoft Visual Studio Solution File, Format Version 11.00
# Visual Studio 2010
Project("{2857B73E-F847-4B02-9238-064979017E93}") = "mjEngine", "mjEngine.cproj", "{0232EA12-D04C-425C-B1BB-DA185A375AC4}"
EndProject
Global
	GlobalSection(SolutionConfigurationPlatforms) = preSolution
		Debug|Any CPU = Debug|Any CPU
		Release|Any CPU = Release|Any CPU
	EndGlobalSection
	GlobalSection(ProjectConfigurationPlatforms) = postSolution
		{0232EA12-D04C-425C-B1BB-DA185A375AC4}.Debug|Any CPU.ActiveCfg = Debug|Any CPU
		{0232EA12-D04C-425C-B1BB-DA185A375AC4}.Debug|Any CPU.Build.0 = Debug|Any CPU
		{0232EA12-D04C-425C-B1BB-DA185A375AC4}.Release|Any CPU.ActiveCfg = Release|Any CPU
		{0232EA12-D04C-425C-B1BB-DA185A375AC4}.Release|Any CPU.Build.0 = Release|Any CPU
	EndGlobalSection
	GlobalSection(MonoDevelopProperties) = preSolution
		StartupItem = mjEngine.cproj
		Policies = $0
		$0.TextStylePolicy = $1
		$1.inheritsSet = null
		$1.scope = text/x-c++src
	EndGlobalSection
EndGlobal
