<?xml version="1.0" encoding="UTF-8" standalone="yes" ?>
<CodeBlocks_project_file>
	<FileVersion major="1" minor="6" />
	<Project>
		<Option title="mjEngine" />
		<Option pch_mode="2" />
		<Option compiler="gcc" />
		<Build>
			<Target title="Debug-GNULinux">
				<Option output="build/Debug/mjEngine" prefix_auto="1" extension_auto="1" />
				<Option object_output="build/obj/Debug/" />
				<Option type="1" />
				<Option compiler="gcc" />
				<Compiler>
					<Add option="-std=c++11" />
					<Add option="-g" />
					<Add option="-DDESKTOP_SDL" />
					<Add option="-DUSE_GLES2" />
					<Add option="-DUSE_SDL_AUDIO" />
					<Add directory=".." />
					<Add directory="audio" />
					<Add directory="gnuLinux" />
				</Compiler>
				<Linker>
					<Add library="SDL2" />
					<Add library="png16" />
					<Add library="GLESv2" />
					<Add library="SDL2_image" />
					<Add library="SDL2_mixer" />
				</Linker>
			</Target>
			<Target title="Release-GNULinux">
				<Option output="build/bin/Release/mjEngine" prefix_auto="1" extension_auto="1" />
				<Option object_output="build/obj/Release/" />
				<Option type="1" />
				<Option compiler="gcc" />
				<Compiler>
					<Add option="-O2" />
					<Add directory=".." />
					<Add directory="audio" />
					<Add directory="gnuLinux" />
				</Compiler>
				<Linker>
					<Add option="-s" />
				</Linker>
			</Target>
			<Target title="Debug-Windows">
				<Option output="build/Debug/mjEngine" prefix_auto="1" extension_auto="1" />
				<Option object_output="build/obj/Debug/" />
				<Option type="1" />
				<Option compiler="gcc" />
				<Compiler>
					<Add option="-std=c++11" />
					<Add option="-g" />
					<Add option="-DDESKTOP_SDL" />
					<Add option="-DWIN32" />
					<Add option="-DNON_GLES_CONTEXT" />
					<Add option="-DUSE_SDL_AUDIO" />
					<Add option="-DUSE_GL3" />
					<Add directory="../../../../sdl/i686-w64-mingw32/include" />
					<Add directory="../../../../glew/include" />
					<Add directory=".." />
					<Add directory="gnuLinux" />
				</Compiler>
				<Linker>
					<Add option="-mwindows" />
					<Add library="mingw32" />
					<Add library="SDL2main" />
					<Add library="SDL2" />
					<Add library="SDL2_image" />
					<Add library="glew32s" />
					<Add library="opengl32" />
					<Add library="SDL2_mixer" />
					<Add directory="../../../../glew/lib/Release/Win32" />
					<Add directory="../../../../sdl/i686-w64-mingw32/lib" />
				</Linker>
			</Target>
			<Target title="Debug-LinuxNonGLES">
				<Option output="build/Debug/mjEngine" prefix_auto="1" extension_auto="1" />
				<Option object_output="build/obj/Debug/" />
				<Option type="1" />
				<Option compiler="gcc" />
				<Compiler>
					<Add option="-std=c++11" />
					<Add option="-g" />
					<Add option="-DDESKTOP_SDL" />
					<Add option="-DUSE_SDL_AUDIO" />
					<Add option="-DUSE_GL3" />
					<Add option="-DGNULINUX" />
					<Add directory=".." />
					<Add directory="gnuLinux" />
				</Compiler>
				<Linker>
					<Add library="SDL2" />
					<Add library="png16" />
					<Add library="GLESv2" />
					<Add library="SDL2_image" />
					<Add library="GLEW" />
					<Add library="SDL2_mixer" />
				</Linker>
			</Target>
		</Build>
		<Compiler>
			<Add option="-Wall" />
		</Compiler>
		<Unit filename="../ai/mjAutomaton.cpp" />
		<Unit filename="../ai/mjAutomaton.h" />
		<Unit filename="../ai/mjAutomatonState.cpp" />
		<Unit filename="../ai/mjAutomatonState.h" />
		<Unit filename="../audio/mjMusicPlayer.cpp" />
		<Unit filename="../audio/mjMusicPlayer.h" />
		<Unit filename="../audio/mjSoundSource.cpp" />
		<Unit filename="../audio/mjSoundSource.h" />
		<Unit filename="../core/mjInput.h" />
		<Unit filename="../core/mjObject.cpp" />
		<Unit filename="../core/mjObject.h" />
		<Unit filename="../core/mjScene.cpp" />
		<Unit filename="../core/mjScene.h" />
		<Unit filename="../core/mjSceneManager.cpp" />
		<Unit filename="../core/mjSceneManager.h" />
		<Unit filename="../core/mjVector3.cpp" />
		<Unit filename="../core/mjVector3.h" />
		<Unit filename="../extLibs/logger/mjLog.h" />
		<Unit filename="../extLibs/math/MathConstants.h" />
		<Unit filename="../extLibs/math/Matrix.cpp" />
		<Unit filename="../extLibs/math/Matrix.h" />
		<Unit filename="../extLibs/math/mjMathHelper.cpp" />
		<Unit filename="../extLibs/math/mjMathHelper.h" />
		<Unit filename="../extLibs/math/mjMatrixStack.cpp" />
		<Unit filename="../extLibs/math/mjMatrixStack.h" />
		<Unit filename="../extLibs/png/include/png.h" />
		<Unit filename="../extLibs/tinyxml/tinyxml2.cpp" />
		<Unit filename="../extLibs/tinyxml/tinyxml2.h" />
		<Unit filename="../extLibs/util/mjMultiPlatform.cpp" />
		<Unit filename="../extLibs/util/mjMultiPlatform.h" />
		<Unit filename="../extLibs/util/mjMultiPlatformAudio.h" />
		<Unit filename="../extLibs/util/mjXMLHelper.cpp" />
		<Unit filename="../extLibs/util/mjXMLHelper.h" />
		<Unit filename="../game/Ambient.cpp" />
		<Unit filename="../game/Ambient.h" />
		<Unit filename="../game/EntityCreator.cpp" />
		<Unit filename="../game/EntityCreator.h" />
		<Unit filename="../game/Level.cpp" />
		<Unit filename="../game/Level.h" />
		<Unit filename="../game/PlatformUniverseScene.cpp" />
		<Unit filename="../game/PlatformUniverseScene.h" />
		<Unit filename="../game/TerrainCreator.cpp" />
		<Unit filename="../game/TerrainCreator.h" />
		<Unit filename="../game/ambient/DustDevil.cpp" />
		<Unit filename="../game/ambient/DustDevil.h" />
		<Unit filename="../game/entities/BatBot.cpp" />
		<Unit filename="../game/entities/BatBot.h" />
		<Unit filename="../game/entities/BatMaton.cpp" />
		<Unit filename="../game/entities/BatMaton.h" />
		<Unit filename="../game/entities/Bird.cpp" />
		<Unit filename="../game/entities/Bird.h" />
		<Unit filename="../game/entities/Character.cpp" />
		<Unit filename="../game/entities/Character.h" />
		<Unit filename="../game/entities/Frog.cpp" />
		<Unit filename="../game/entities/Frog.h" />
		<Unit filename="../game/entities/GlowBeing.cpp" />
		<Unit filename="../game/entities/GlowBeing.h" />
		<Unit filename="../game/entities/Plant.cpp" />
		<Unit filename="../game/entities/Plant.h" />
		<Unit filename="../game/entities/batMatonStates/AttackBatMatonState.cpp" />
		<Unit filename="../game/entities/batMatonStates/AttackBatMatonState.h" />
		<Unit filename="../game/entities/batMatonStates/DetectBatMatonState.cpp" />
		<Unit filename="../game/entities/batMatonStates/DetectBatMatonState.h" />
		<Unit filename="../game/entities/batMatonStates/WanderBatMatonState.cpp" />
		<Unit filename="../game/entities/batMatonStates/WanderBatMatonState.h" />
		<Unit filename="../game/entities/frogAutomatonStates/FrogAutomatonStopState.cpp" />
		<Unit filename="../game/entities/frogAutomatonStates/FrogAutomatonStopState.h" />
		<Unit filename="../game/entities/frogAutomatonStates/FrogJumpAutomatonState.cpp" />
		<Unit filename="../game/entities/frogAutomatonStates/FrogJumpAutomatonState.h" />
		<Unit filename="../game/gl_code.cpp" />
		<Unit filename="../game/gl_code.h" />
		<Unit filename="../game/terrainTypes/Box.cpp" />
		<Unit filename="../game/terrainTypes/Box.h" />
		<Unit filename="../game/terrainTypes/FallingBox.cpp" />
		<Unit filename="../game/terrainTypes/FallingBox.h" />
		<Unit filename="../game/windStates/DustDevilState.cpp" />
		<Unit filename="../game/windStates/DustDevilState.h" />
		<Unit filename="../game/windStates/SteadyDirectionState.cpp" />
		<Unit filename="../game/windStates/SteadyDirectionState.h" />
		<Unit filename="../game/windStates/WindState.cpp" />
		<Unit filename="../game/windStates/WindState.h" />
		<Unit filename="../graphics/animation/mjAnimation.cpp" />
		<Unit filename="../graphics/animation/mjAnimation.h" />
		<Unit filename="../graphics/animation/mjAnimationKeyframe.cpp" />
		<Unit filename="../graphics/animation/mjAnimationKeyframe.h" />
		<Unit filename="../graphics/animation/mjAnimationSegment.cpp" />
		<Unit filename="../graphics/animation/mjAnimationSegment.h" />
		<Unit filename="../graphics/animation/mjAnimator.cpp" />
		<Unit filename="../graphics/animation/mjAnimator.h" />
		<Unit filename="../graphics/animation/mjModelAnimation.cpp" />
		<Unit filename="../graphics/animation/mjModelAnimation.h" />
		<Unit filename="../graphics/animation/mjModelPose.cpp" />
		<Unit filename="../graphics/animation/mjModelPose.h" />
		<Unit filename="../graphics/animation/mjModelStructure.cpp" />
		<Unit filename="../graphics/animation/mjModelStructure.h" />
		<Unit filename="../graphics/animation/mjModelStructureNode.cpp" />
		<Unit filename="../graphics/animation/mjModelStructureNode.h" />
		<Unit filename="../graphics/gl3/defaultShaderSources-gl3.h" />
		<Unit filename="../graphics/gl3/skyboxShaderSources-gl3.h" />
		<Unit filename="../graphics/gles2/defaultShaderSources-gles2.h" />
		<Unit filename="../graphics/gles2/skyboxShaderSources-gles2.h" />
		<Unit filename="../graphics/mj3rdPersonCamera.cpp" />
		<Unit filename="../graphics/mj3rdPersonCamera.h" />
		<Unit filename="../graphics/mjCamera.cpp" />
		<Unit filename="../graphics/mjCamera.h" />
		<Unit filename="../graphics/mjDefaultShaders.cpp" />
		<Unit filename="../graphics/mjDefaultShaders.h" />
		<Unit filename="../graphics/mjImageLoader.cpp" />
		<Unit filename="../graphics/mjImageLoader.h" />
		<Unit filename="../graphics/mjModel.cpp" />
		<Unit filename="../graphics/mjModel.h" />
		<Unit filename="../graphics/mjModelMesh.cpp" />
		<Unit filename="../graphics/mjModelMesh.h" />
		<Unit filename="../graphics/mjSceneGraph.cpp" />
		<Unit filename="../graphics/mjSceneGraph.h" />
		<Unit filename="../graphics/mjShader.cpp" />
		<Unit filename="../graphics/mjShader.h" />
		<Unit filename="../graphics/mjSkybox.cpp" />
		<Unit filename="../graphics/mjSkybox.h" />
		<Unit filename="../graphics/mjSkyboxLevelData.cpp" />
		<Unit filename="../graphics/mjSkyboxLevelData.h" />
		<Unit filename="../graphics/mjSkyboxShaders.cpp" />
		<Unit filename="../graphics/mjSkyboxShaders.h" />
		<Unit filename="../physics/mjAABB.cpp" />
		<Unit filename="../physics/mjAABB.h" />
		<Unit filename="../physics/mjBoundingStructure.h" />
		<Unit filename="../physics/mjCollisionResult.cpp" />
		<Unit filename="../physics/mjCollisionResult.h" />
		<Unit filename="../physics/mjCollisionTests.cpp" />
		<Unit filename="../physics/mjCollisionTests.h" />
		<Unit filename="../physics/mjPhysics.cpp" />
		<Unit filename="../physics/mjPhysics.h" />
		<Unit filename="../physics/mjPhysicsEffect.cpp" />
		<Unit filename="../physics/mjPhysicsEffect.h" />
		<Unit filename="../physics/mjSphere.cpp" />
		<Unit filename="../physics/mjSphere.h" />
		<Unit filename="../util/mjModelResource.cpp" />
		<Unit filename="../util/mjModelResource.h" />
		<Unit filename="../util/mjModelStructureResource.cpp" />
		<Unit filename="../util/mjModelStructureResource.h" />
		<Unit filename="../util/mjResource.cpp" />
		<Unit filename="../util/mjResource.h" />
		<Unit filename="../util/mjResourceManager.cpp" />
		<Unit filename="../util/mjResourceManager.h" />
		<Unit filename="../util/mjSoundResource.cpp" />
		<Unit filename="../util/mjSoundResource.h" />
		<Unit filename="../util/mjTextureResource.cpp" />
		<Unit filename="../util/mjTextureResource.h" />
		<Unit filename="keyboardcontrol.cpp" />
		<Unit filename="keyboardcontrol.h" />
		<Unit filename="main.cpp" />
		<Extensions>
			<code_completion />
			<debugger />
			<envvars />
		</Extensions>
	</Project>
</CodeBlocks_project_file>
